
Microsoft Visual Studio Solution File, Format Version 12.00
# Visual Studio 15
VisualStudioVersion = 15.0.28307.421
MinimumVisualStudioVersion = 10.0.40219.1
Project("{FAE04EC0-301F-11D3-BF4B-00C04F79EFBC}") = "LayoutSayfasi_Section", "LayoutSayfasi_Section\LayoutSayfasi_Section.csproj", "{2D460A9B-A837-4E51-A590-57B6AB7E7A76}"
EndProject
Global
	GlobalSection(SolutionConfigurationPlatforms) = preSolution
		Debug|Any CPU = Debug|Any CPU
		Release|Any CPU = Release|Any CPU
	EndGlobalSection
	GlobalSection(ProjectConfigurationPlatforms) = postSolution
		{2D460A9B-A837-4E51-A590-57B6AB7E7A76}.Debug|Any CPU.ActiveCfg = Debug|Any CPU
		{2D460A9B-A837-4E51-A590-57B6AB7E7A76}.Debug|Any CPU.Build.0 = Debug|Any CPU
		{2D460A9B-A837-4E51-A590-57B6AB7E7A76}.Release|Any CPU.ActiveCfg = Release|Any CPU
		{2D460A9B-A837-4E51-A590-57B6AB7E7A76}.Release|Any CPU.Build.0 = Release|Any CPU
	EndGlobalSection
	GlobalSection(SolutionProperties) = preSolution
		HideSolutionNode = FALSE
	EndGlobalSection
	GlobalSection(ExtensibilityGlobals) = postSolution
		SolutionGuid = {78320EA0-B26E-473E-8F09-889EAF3632A1}
	EndGlobalSection
EndGlobal
